
Microsoft Visual Studio Solution File, Format Version 12.00
# Visual Studio 15
VisualStudioVersion = 15.0.27703.2042
MinimumVisualStudioVersion = 10.0.40219.1
Project("{FAE04EC0-301F-11D3-BF4B-00C04F79EFBC}") = "identity.training", "identity.training\identity.training.csproj", "{127A04AA-4BAB-4551-886E-F79C6CAD9E5B}"
EndProject
Global
	GlobalSection(SolutionConfigurationPlatforms) = preSolution
		Debug|Any CPU = Debug|Any CPU
		Release|Any CPU = Release|Any CPU
	EndGlobalSection
	GlobalSection(ProjectConfigurationPlatforms) = postSolution
		{127A04AA-4BAB-4551-886E-F79C6CAD9E5B}.Debug|Any CPU.ActiveCfg = Debug|Any CPU
		{127A04AA-4BAB-4551-886E-F79C6CAD9E5B}.Debug|Any CPU.Build.0 = Debug|Any CPU
		{127A04AA-4BAB-4551-886E-F79C6CAD9E5B}.Release|Any CPU.ActiveCfg = Release|Any CPU
		{127A04AA-4BAB-4551-886E-F79C6CAD9E5B}.Release|Any CPU.Build.0 = Release|Any CPU
	EndGlobalSection
	GlobalSection(SolutionProperties) = preSolution
		HideSolutionNode = FALSE
	EndGlobalSection
	GlobalSection(ExtensibilityGlobals) = postSolution
		SolutionGuid = {FF2F4ECD-1638-4B4A-8DFC-D805FD8F8C93}
	EndGlobalSection
EndGlobal
